
Microsoft Visual Studio Solution File, Format Version 12.00
# Visual Studio Version 17
VisualStudioVersion = 17.14.36414.22 d17.14
MinimumVisualStudioVersion = 10.0.40219.1
Project("{FAE04EC0-301F-11D3-BF4B-00C04F79EFBC}") = "Lab11MVC", "Lab11MVC\Lab11MVC.csproj", "{AA41653D-EE60-43E5-8F04-B9131B4C16E1}"
EndProject
Global
	GlobalSection(SolutionConfigurationPlatforms) = preSolution
		Debug|Any CPU = Debug|Any CPU
		Release|Any CPU = Release|Any CPU
	EndGlobalSection
	GlobalSection(ProjectConfigurationPlatforms) = postSolution
		{AA41653D-EE60-43E5-8F04-B9131B4C16E1}.Debug|Any CPU.ActiveCfg = Debug|Any CPU
		{AA41653D-EE60-43E5-8F04-B9131B4C16E1}.Debug|Any CPU.Build.0 = Debug|Any CPU
		{AA41653D-EE60-43E5-8F04-B9131B4C16E1}.Release|Any CPU.ActiveCfg = Release|Any CPU
		{AA41653D-EE60-43E5-8F04-B9131B4C16E1}.Release|Any CPU.Build.0 = Release|Any CPU
	EndGlobalSection
	GlobalSection(SolutionProperties) = preSolution
		HideSolutionNode = FALSE
	EndGlobalSection
	GlobalSection(ExtensibilityGlobals) = postSolution
		SolutionGuid = {20EE3EB0-0E40-487D-8734-CC6288677D3A}
	EndGlobalSection
EndGlobal
